
Microsoft Visual Studio Solution File, Format Version 12.00
# Visual Studio Version 16
VisualStudioVersion = 16.0.33423.256
MinimumVisualStudioVersion = 10.0.40219.1
Project("{9A19103F-16F7-4668-BE54-9A1E7A4F7556}") = "CanvasZoom", "CanvasZoom.csproj", "{D74C8BEF-32CA-4F40-828D-685493DA00D8}"
EndProject
Global
	GlobalSection(SolutionConfigurationPlatforms) = preSolution
		Debug|Any CPU = Debug|Any CPU
		Release|Any CPU = Release|Any CPU
	EndGlobalSection
	GlobalSection(ProjectConfigurationPlatforms) = postSolution
		{D74C8BEF-32CA-4F40-828D-685493DA00D8}.Debug|Any CPU.ActiveCfg = Debug|Any CPU
		{D74C8BEF-32CA-4F40-828D-685493DA00D8}.Debug|Any CPU.Build.0 = Debug|Any CPU
		{D74C8BEF-32CA-4F40-828D-685493DA00D8}.Release|Any CPU.ActiveCfg = Release|Any CPU
		{D74C8BEF-32CA-4F40-828D-685493DA00D8}.Release|Any CPU.Build.0 = Release|Any CPU
	EndGlobalSection
	GlobalSection(SolutionProperties) = preSolution
		HideSolutionNode = FALSE
	EndGlobalSection
	GlobalSection(ExtensibilityGlobals) = postSolution
		SolutionGuid = {B590D971-E768-4D81-BB30-DECD554E0624}
	EndGlobalSection
EndGlobal
